
Microsoft Visual Studio Solution File, Format Version 12.00
# Visual Studio Version 16
VisualStudioVersion = 16.0.30804.86
MinimumVisualStudioVersion = 10.0.40219.1
Project("{2150E333-8FDC-42A3-9474-1A3956D46DE8}") = "src", "src", "{E55FF724-A2C1-4129-9832-5E1DA63FF9D1}"
EndProject
Project("{2150E333-8FDC-42A3-9474-1A3956D46DE8}") = "tests", "tests", "{A7A18B82-6DAC-4EC5-823A-81E771935CF8}"
	ProjectSection(SolutionItems) = preProject
		LibraryApi\tests\ApplicationTests\UnitTest1.cs = LibraryApi\tests\ApplicationTests\UnitTest1.cs
	EndProjectSection
EndProject
Project("{9A19103F-16F7-4668-BE54-9A1E7A4F7556}") = "Domain", "LibraryApi\src\Domain\Domain.csproj", "{A2DA13F5-A0E2-41A4-863B-9D974CAD4F46}"
EndProject
Project("{9A19103F-16F7-4668-BE54-9A1E7A4F7556}") = "Api", "LibraryApi\src\Api\Api.csproj", "{8213C931-C1ED-46FE-BFDE-5BA655EAF65F}"
EndProject
Project("{9A19103F-16F7-4668-BE54-9A1E7A4F7556}") = "Application", "LibraryApi\src\Application\Application.csproj", "{1CFC99CC-E2A3-48B2-89AA-9327C96137E0}"
EndProject
Project("{9A19103F-16F7-4668-BE54-9A1E7A4F7556}") = "Infrastructure", "LibraryApi\src\Infrastructure\Infrastructure.csproj", "{591321F0-F4A1-4228-B0B0-B70C1899421D}"
EndProject
Project("{9A19103F-16F7-4668-BE54-9A1E7A4F7556}") = "InfrastructureTests", "LibraryApi\tests\InfrastructureTests\InfrastructureTests.csproj", "{C9597B23-3F38-4241-BEA0-15BB9BD0D978}"
EndProject
Project("{9A19103F-16F7-4668-BE54-9A1E7A4F7556}") = "DomainTests", "LibraryApi\tests\DomainTests\DomainTests.csproj", "{1D65E280-8486-4D7D-A881-2F66B4EDE0E0}"
EndProject
Project("{9A19103F-16F7-4668-BE54-9A1E7A4F7556}") = "ApplicationTests", "LibraryApi\tests\ApplicationTests\ApplicationTests.csproj", "{3525B0B9-E3B0-43CB-B5EB-A9C5BEEF7D11}"
EndProject
Global
	GlobalSection(SolutionConfigurationPlatforms) = preSolution
		Debug|Any CPU = Debug|Any CPU
		Release|Any CPU = Release|Any CPU
	EndGlobalSection
	GlobalSection(ProjectConfigurationPlatforms) = postSolution
		{A2DA13F5-A0E2-41A4-863B-9D974CAD4F46}.Debug|Any CPU.ActiveCfg = Debug|Any CPU
		{A2DA13F5-A0E2-41A4-863B-9D974CAD4F46}.Debug|Any CPU.Build.0 = Debug|Any CPU
		{A2DA13F5-A0E2-41A4-863B-9D974CAD4F46}.Release|Any CPU.ActiveCfg = Release|Any CPU
		{A2DA13F5-A0E2-41A4-863B-9D974CAD4F46}.Release|Any CPU.Build.0 = Release|Any CPU
		{8213C931-C1ED-46FE-BFDE-5BA655EAF65F}.Debug|Any CPU.ActiveCfg = Debug|Any CPU
		{8213C931-C1ED-46FE-BFDE-5BA655EAF65F}.Debug|Any CPU.Build.0 = Debug|Any CPU
		{8213C931-C1ED-46FE-BFDE-5BA655EAF65F}.Release|Any CPU.ActiveCfg = Release|Any CPU
		{8213C931-C1ED-46FE-BFDE-5BA655EAF65F}.Release|Any CPU.Build.0 = Release|Any CPU
		{1CFC99CC-E2A3-48B2-89AA-9327C96137E0}.Debug|Any CPU.ActiveCfg = Debug|Any CPU
		{1CFC99CC-E2A3-48B2-89AA-9327C96137E0}.Debug|Any CPU.Build.0 = Debug|Any CPU
		{1CFC99CC-E2A3-48B2-89AA-9327C96137E0}.Release|Any CPU.ActiveCfg = Release|Any CPU
		{1CFC99CC-E2A3-48B2-89AA-9327C96137E0}.Release|Any CPU.Build.0 = Release|Any CPU
		{591321F0-F4A1-4228-B0B0-B70C1899421D}.Debug|Any CPU.ActiveCfg = Debug|Any CPU
		{591321F0-F4A1-4228-B0B0-B70C1899421D}.Debug|Any CPU.Build.0 = Debug|Any CPU
		{591321F0-F4A1-4228-B0B0-B70C1899421D}.Release|Any CPU.ActiveCfg = Release|Any CPU
		{591321F0-F4A1-4228-B0B0-B70C1899421D}.Release|Any CPU.Build.0 = Release|Any CPU
		{C9597B23-3F38-4241-BEA0-15BB9BD0D978}.Debug|Any CPU.ActiveCfg = Debug|Any CPU
		{C9597B23-3F38-4241-BEA0-15BB9BD0D978}.Debug|Any CPU.Build.0 = Debug|Any CPU
		{C9597B23-3F38-4241-BEA0-15BB9BD0D978}.Release|Any CPU.ActiveCfg = Release|Any CPU
		{C9597B23-3F38-4241-BEA0-15BB9BD0D978}.Release|Any CPU.Build.0 = Release|Any CPU
		{1D65E280-8486-4D7D-A881-2F66B4EDE0E0}.Debug|Any CPU.ActiveCfg = Debug|Any CPU
		{1D65E280-8486-4D7D-A881-2F66B4EDE0E0}.Debug|Any CPU.Build.0 = Debug|Any CPU
		{1D65E280-8486-4D7D-A881-2F66B4EDE0E0}.Release|Any CPU.ActiveCfg = Release|Any CPU
		{1D65E280-8486-4D7D-A881-2F66B4EDE0E0}.Release|Any CPU.Build.0 = Release|Any CPU
		{3525B0B9-E3B0-43CB-B5EB-A9C5BEEF7D11}.Debug|Any CPU.ActiveCfg = Debug|Any CPU
		{3525B0B9-E3B0-43CB-B5EB-A9C5BEEF7D11}.Debug|Any CPU.Build.0 = Debug|Any CPU
		{3525B0B9-E3B0-43CB-B5EB-A9C5BEEF7D11}.Release|Any CPU.ActiveCfg = Release|Any CPU
		{3525B0B9-E3B0-43CB-B5EB-A9C5BEEF7D11}.Release|Any CPU.Build.0 = Release|Any CPU
	EndGlobalSection
	GlobalSection(SolutionProperties) = preSolution
		HideSolutionNode = FALSE
	EndGlobalSection
	GlobalSection(NestedProjects) = preSolution
		{A2DA13F5-A0E2-41A4-863B-9D974CAD4F46} = {E55FF724-A2C1-4129-9832-5E1DA63FF9D1}
		{8213C931-C1ED-46FE-BFDE-5BA655EAF65F} = {E55FF724-A2C1-4129-9832-5E1DA63FF9D1}
		{1CFC99CC-E2A3-48B2-89AA-9327C96137E0} = {E55FF724-A2C1-4129-9832-5E1DA63FF9D1}
		{591321F0-F4A1-4228-B0B0-B70C1899421D} = {E55FF724-A2C1-4129-9832-5E1DA63FF9D1}
		{C9597B23-3F38-4241-BEA0-15BB9BD0D978} = {A7A18B82-6DAC-4EC5-823A-81E771935CF8}
		{1D65E280-8486-4D7D-A881-2F66B4EDE0E0} = {A7A18B82-6DAC-4EC5-823A-81E771935CF8}
		{3525B0B9-E3B0-43CB-B5EB-A9C5BEEF7D11} = {A7A18B82-6DAC-4EC5-823A-81E771935CF8}
	EndGlobalSection
	GlobalSection(ExtensibilityGlobals) = postSolution
		SolutionGuid = {60372EC3-3A48-4E0C-9820-6AE868C7102B}
	EndGlobalSection
EndGlobal
